
Microsoft Visual Studio Solution File, Format Version 12.00
# Visual Studio Version 16
VisualStudioVersion = 16.0.30621.155
MinimumVisualStudioVersion = 10.0.40219.1
Project("{FAE04EC0-301F-11D3-BF4B-00C04F79EFBC}") = "File-Extension-Checker", "File-Extension-Checker\File-Extension-Checker.csproj", "{08B6E9DA-E975-4D52-AB70-C9749B1E5B57}"
EndProject
Global
	GlobalSection(SolutionConfigurationPlatforms) = preSolution
		Debug|Any CPU = Debug|Any CPU
		Release|Any CPU = Release|Any CPU
	EndGlobalSection
	GlobalSection(ProjectConfigurationPlatforms) = postSolution
		{08B6E9DA-E975-4D52-AB70-C9749B1E5B57}.Debug|Any CPU.ActiveCfg = Debug|Any CPU
		{08B6E9DA-E975-4D52-AB70-C9749B1E5B57}.Debug|Any CPU.Build.0 = Debug|Any CPU
		{08B6E9DA-E975-4D52-AB70-C9749B1E5B57}.Release|Any CPU.ActiveCfg = Release|Any CPU
		{08B6E9DA-E975-4D52-AB70-C9749B1E5B57}.Release|Any CPU.Build.0 = Release|Any CPU
	EndGlobalSection
	GlobalSection(SolutionProperties) = preSolution
		HideSolutionNode = FALSE
	EndGlobalSection
	GlobalSection(ExtensibilityGlobals) = postSolution
		SolutionGuid = {F922D98B-52BA-47ED-A497-798E67C8D1C8}
	EndGlobalSection
EndGlobal
